
Microsoft Visual Studio Solution File, Format Version 12.00
# Visual Studio 2017
Project("{FAE04EC0-301F-11D3-BF4B-00C04F79EFBC}") = "Falling Blocks", "Falling Blocks.csproj", "{D1767F3A-C61E-153D-AE12-DE8C116A4C7C}"
EndProject
Project("{FAE04EC0-301F-11D3-BF4B-00C04F79EFBC}") = "Falling Blocks.Editor", "Falling Blocks.Editor.csproj", "{F809E927-951C-6CDB-EFFE-E91AB946359C}"
EndProject
Global
	GlobalSection(SolutionConfigurationPlatforms) = preSolution
		Debug|Any CPU = Debug|Any CPU
		Release|Any CPU = Release|Any CPU
	EndGlobalSection
	GlobalSection(ProjectConfigurationPlatforms) = postSolution
		{D1767F3A-C61E-153D-AE12-DE8C116A4C7C}.Debug|Any CPU.ActiveCfg = Debug|Any CPU
		{D1767F3A-C61E-153D-AE12-DE8C116A4C7C}.Debug|Any CPU.Build.0 = Debug|Any CPU
		{D1767F3A-C61E-153D-AE12-DE8C116A4C7C}.Release|Any CPU.ActiveCfg = Release|Any CPU
		{D1767F3A-C61E-153D-AE12-DE8C116A4C7C}.Release|Any CPU.Build.0 = Release|Any CPU
		{F809E927-951C-6CDB-EFFE-E91AB946359C}.Debug|Any CPU.ActiveCfg = Debug|Any CPU
		{F809E927-951C-6CDB-EFFE-E91AB946359C}.Debug|Any CPU.Build.0 = Debug|Any CPU
		{F809E927-951C-6CDB-EFFE-E91AB946359C}.Release|Any CPU.ActiveCfg = Release|Any CPU
		{F809E927-951C-6CDB-EFFE-E91AB946359C}.Release|Any CPU.Build.0 = Release|Any CPU
	EndGlobalSection
	GlobalSection(SolutionProperties) = preSolution
		HideSolutionNode = FALSE
	EndGlobalSection
EndGlobal
